{
    "name": "js-textfield-validation",
    "version": "1.0.2",
    "lockfileVersion": 1,
    "requires": true,
    "dependencies": {
        "typescript": {
            "version": "3.4.0-dev.20190330",
            "resolved": "https://registry.npmjs.org/typescript/-/typescript-3.4.0-dev.20190330.tgz",
            "integrity": "sha512-w0LchV0iknmuvCbQ1EgqzUkeNZNvOznvbCwKaNZMOwGSOoE/jKxeswNfZGLerTScppmfCieQGAiGS9tRUvMBvg=="
        }
    }
}
